
Microsoft Visual Studio Solution File, Format Version 12.00
# Visual Studio Version 17
VisualStudioVersion = 17.8.34322.80
MinimumVisualStudioVersion = 10.0.40219.1
Project("{FAE04EC0-301F-11D3-BF4B-00C04F79EFBC}") = "AydınDinlenmeTesisleri", "AydınDinlenmeTesisleri\AydınDinlenmeTesisleri.csproj", "{1EBB8E3B-1E56-4C37-8AA1-EA402C003976}"
EndProject
Global
	GlobalSection(SolutionConfigurationPlatforms) = preSolution
		Debug|Any CPU = Debug|Any CPU
		Release|Any CPU = Release|Any CPU
	EndGlobalSection
	GlobalSection(ProjectConfigurationPlatforms) = postSolution
		{1EBB8E3B-1E56-4C37-8AA1-EA402C003976}.Debug|Any CPU.ActiveCfg = Debug|Any CPU
		{1EBB8E3B-1E56-4C37-8AA1-EA402C003976}.Debug|Any CPU.Build.0 = Debug|Any CPU
		{1EBB8E3B-1E56-4C37-8AA1-EA402C003976}.Release|Any CPU.ActiveCfg = Release|Any CPU
		{1EBB8E3B-1E56-4C37-8AA1-EA402C003976}.Release|Any CPU.Build.0 = Release|Any CPU
	EndGlobalSection
	GlobalSection(SolutionProperties) = preSolution
		HideSolutionNode = FALSE
	EndGlobalSection
	GlobalSection(ExtensibilityGlobals) = postSolution
		SolutionGuid = {0E47995C-BE13-4041-B10A-4C2AD2D86CAF}
	EndGlobalSection
EndGlobal
